
Microsoft Visual Studio Solution File, Format Version 12.00
# Visual Studio 14
VisualStudioVersion = 14.0.23107.0
MinimumVisualStudioVersion = 10.0.40219.1
Project("{FAE04EC0-301F-11D3-BF4B-00C04F79EFBC}") = "Dev14_Net46_Mvc5", "Dev14_Net46_Mvc5\Dev14_Net46_Mvc5.csproj", "{04AA627B-6E4B-4C34-A667-43BFC1F861D8}"
EndProject
Project("{FAE04EC0-301F-11D3-BF4B-00C04F79EFBC}") = "Dev14_Net46_Mvc5.Common", "Dev14_Net46_Mvc5.Common\Dev14_Net46_Mvc5.Common.csproj", "{1F7285D0-4D32-4CFA-B4F7-302B5CB13430}"
EndProject
Global
	GlobalSection(SolutionConfigurationPlatforms) = preSolution
		Debug|Any CPU = Debug|Any CPU
		Release|Any CPU = Release|Any CPU
	EndGlobalSection
	GlobalSection(ProjectConfigurationPlatforms) = postSolution
		{04AA627B-6E4B-4C34-A667-43BFC1F861D8}.Debug|Any CPU.ActiveCfg = Debug|Any CPU
		{04AA627B-6E4B-4C34-A667-43BFC1F861D8}.Debug|Any CPU.Build.0 = Debug|Any CPU
		{04AA627B-6E4B-4C34-A667-43BFC1F861D8}.Release|Any CPU.ActiveCfg = Release|Any CPU
		{04AA627B-6E4B-4C34-A667-43BFC1F861D8}.Release|Any CPU.Build.0 = Release|Any CPU
		{1F7285D0-4D32-4CFA-B4F7-302B5CB13430}.Debug|Any CPU.ActiveCfg = Debug|Any CPU
		{1F7285D0-4D32-4CFA-B4F7-302B5CB13430}.Debug|Any CPU.Build.0 = Debug|Any CPU
		{1F7285D0-4D32-4CFA-B4F7-302B5CB13430}.Release|Any CPU.ActiveCfg = Release|Any CPU
		{1F7285D0-4D32-4CFA-B4F7-302B5CB13430}.Release|Any CPU.Build.0 = Release|Any CPU
	EndGlobalSection
	GlobalSection(SolutionProperties) = preSolution
		HideSolutionNode = FALSE
	EndGlobalSection
EndGlobal
